// !$*UTF8*$!
{
	archiveVersion = 1;
	classes = {
	};
	objectVersion = 50;
	objects = {

/* Begin PBXBuildFile section */
		3F078C7524C64017000B9424 /* AppDelegate.swift in Sources */ = {isa = PBXBuildFile; fileRef = 3F078C7424C64017000B9424 /* AppDelegate.swift */; };
		3F078C7724C64017000B9424 /* SceneDelegate.swift in Sources */ = {isa = PBXBuildFile; fileRef = 3F078C7624C64017000B9424 /* SceneDelegate.swift */; };
		3F078C7924C64017000B9424 /* NoteLibrary.swift in Sources */ = {isa = PBXBuildFile; fileRef = 3F078C7824C64017000B9424 /* NoteLibrary.swift */; };
		3F078C7E24C64019000B9424 /* Assets.xcassets in Resources */ = {isa = PBXBuildFile; fileRef = 3F078C7D24C64019000B9424 /* Assets.xcassets */; };
		3F078C8124C64019000B9424 /* LaunchScreen.storyboard in Resources */ = {isa = PBXBuildFile; fileRef = 3F078C7F24C64019000B9424 /* LaunchScreen.storyboard */; };
		3F4C7E0824C64A70009A7163 /* Note.swift in Sources */ = {isa = PBXBuildFile; fileRef = 3F4C7E0724C64A70009A7163 /* Note.swift */; };
		3F4C7E0B24C64DDD009A7163 /* DetailViewController.swift in Sources */ = {isa = PBXBuildFile; fileRef = 3F4C7E0A24C64DDD009A7163 /* DetailViewController.swift */; };
/* End PBXBuildFile section */

/* Begin PBXFileReference section */
		3F078C7124C64017000B9424 /* DevNotes.app */ = {isa = PBXFileReference; explicitFileType = wrapper.application; includeInIndex = 0; path = DevNotes.app; sourceTree = BUILT_PRODUCTS_DIR; };
		3F078C7424C64017000B9424 /* AppDelegate.swift */ = {isa = PBXFileReference; lastKnownFileType = sourcecode.swift; path = AppDelegate.swift; sourceTree = "<group>"; };
		3F078C7624C64017000B9424 /* SceneDelegate.swift */ = {isa = PBXFileReference; lastKnownFileType = sourcecode.swift; path = SceneDelegate.swift; sourceTree = "<group>"; };
		3F078C7824C64017000B9424 /* NoteLibrary.swift */ = {isa = PBXFileReference; lastKnownFileType = sourcecode.swift; path = NoteLibrary.swift; sourceTree = "<group>"; };
		3F078C7D24C64019000B9424 /* Assets.xcassets */ = {isa = PBXFileReference; lastKnownFileType = folder.assetcatalog; path = Assets.xcassets; sourceTree = "<group>"; };
		3F078C8024C64019000B9424 /* Base */ = {isa = PBXFileReference; lastKnownFileType = file.storyboard; name = Base; path = Base.lproj/LaunchScreen.storyboard; sourceTree = "<group>"; };
		3F078C8224C64019000B9424 /* Info.plist */ = {isa = PBXFileReference; lastKnownFileType = text.plist.xml; path = Info.plist; sourceTree = "<group>"; };
		3F4C7E0724C64A70009A7163 /* Note.swift */ = {isa = PBXFileReference; lastKnownFileType = sourcecode.swift; path = Note.swift; sourceTree = "<group>"; };
		3F4C7E0A24C64DDD009A7163 /* DetailViewController.swift */ = {isa = PBXFileReference; lastKnownFileType = sourcecode.swift; path = DetailViewController.swift; sourceTree = "<group>"; };
/* End PBXFileReference section */

/* Begin PBXFrameworksBuildPhase section */
		3F078C6E24C64017000B9424 /* Frameworks */ = {
			isa = PBXFrameworksBuildPhase;
			buildActionMask = 2147483647;
			files = (
			);
			runOnlyForDeploymentPostprocessing = 0;
		};
/* End PBXFrameworksBuildPhase section */

/* Begin PBXGroup section */
		3F078C6824C64017000B9424 = {
			isa = PBXGroup;
			children = (
				3F078C7324C64017000B9424 /* DevNotes */,
				3F078C7224C64017000B9424 /* Products */,
			);
			sourceTree = "<group>";
		};
		3F078C7224C64017000B9424 /* Products */ = {
			isa = PBXGroup;
			children = (
				3F078C7124C64017000B9424 /* DevNotes.app */,
			);
			name = Products;
			sourceTree = "<group>";
		};
		3F078C7324C64017000B9424 /* DevNotes */ = {
			isa = PBXGroup;
			children = (
				3F4C7E0624C64A52009A7163 /* Models */,
				3F42E9B224C642B500698161 /* Controllers */,
				3F078C7424C64017000B9424 /* AppDelegate.swift */,
				3F078C7624C64017000B9424 /* SceneDelegate.swift */,
				3F078C7D24C64019000B9424 /* Assets.xcassets */,
				3F078C7F24C64019000B9424 /* LaunchScreen.storyboard */,
				3F078C8224C64019000B9424 /* Info.plist */,
			);
			path = DevNotes;
			sourceTree = "<group>";
		};
		3F42E9B224C642B500698161 /* Controllers */ = {
			isa = PBXGroup;
			children = (
				3F078C7824C64017000B9424 /* NoteLibrary.swift */,
				3F4C7E0A24C64DDD009A7163 /* DetailViewController.swift */,
			);
			path = Controllers;
			sourceTree = "<group>";
		};
		3F4C7E0624C64A52009A7163 /* Models */ = {
			isa = PBXGroup;
			children = (
				3F4C7E0724C64A70009A7163 /* Note.swift */,
			);
			path = Models;
			sourceTree = "<group>";
		};
/* End PBXGroup section */

/* Begin PBXNativeTarget section */
		3F078C7024C64017000B9424 /* DevNotes */ = {
			isa = PBXNativeTarget;
			buildConfigurationList = 3F078C8524C64019000B9424 /* Build configuration list for PBXNativeTarget "DevNotes" */;
			buildPhases = (
				3F078C6D24C64017000B9424 /* Sources */,
				3F078C6E24C64017000B9424 /* Frameworks */,
				3F078C6F24C64017000B9424 /* Resources */,
			);
			buildRules = (
			);
			dependencies = (
			);
			name = DevNotes;
			productName = DevNotes;
			productReference = 3F078C7124C64017000B9424 /* DevNotes.app */;
			productType = "com.apple.product-type.application";
		};
/* End PBXNativeTarget section */

/* Begin PBXProject section */
		3F078C6924C64017000B9424 /* Project object */ = {
			isa = PBXProject;
			attributes = {
				LastSwiftUpdateCheck = 1160;
				LastUpgradeCheck = 1160;
				ORGANIZATIONNAME = kenanigans;
				TargetAttributes = {
					3F078C7024C64017000B9424 = {
						CreatedOnToolsVersion = 11.6;
					};
				};
			};
			buildConfigurationList = 3F078C6C24C64017000B9424 /* Build configuration list for PBXProject "DevNotes" */;
			compatibilityVersion = "Xcode 9.3";
			developmentRegion = en;
			hasScannedForEncodings = 0;
			knownRegions = (
				en,
				Base,
			);
			mainGroup = 3F078C6824C64017000B9424;
			productRefGroup = 3F078C7224C64017000B9424 /* Products */;
			projectDirPath = "";
			projectRoot = "";
			targets = (
				3F078C7024C64017000B9424 /* DevNotes */,
			);
		};
/* End PBXProject section */

/* Begin PBXResourcesBuildPhase section */
		3F078C6F24C64017000B9424 /* Resources */ = {
			isa = PBXResourcesBuildPhase;
			buildActionMask = 2147483647;
			files = (
				3F078C8124C64019000B9424 /* LaunchScreen.storyboard in Resources */,
				3F078C7E24C64019000B9424 /* Assets.xcassets in Resources */,
			);
			runOnlyForDeploymentPostprocessing = 0;
		};
/* End PBXResourcesBuildPhase section */

/* Begin PBXSourcesBuildPhase section */
		3F078C6D24C64017000B9424 /* Sources */ = {
			isa = PBXSourcesBuildPhase;
			buildActionMask = 2147483647;
			files = (
				3F078C7924C64017000B9424 /* NoteLibrary.swift in Sources */,
				3F078C7524C64017000B9424 /* AppDelegate.swift in Sources */,
				3F4C7E0B24C64DDD009A7163 /* DetailViewController.swift in Sources */,
				3F078C7724C64017000B9424 /* SceneDelegate.swift in Sources */,
				3F4C7E0824C64A70009A7163 /* Note.swift in Sources */,
			);
			runOnlyForDeploymentPostprocessing = 0;
		};
/* End PBXSourcesBuildPhase section */

/* Begin PBXVariantGroup section */
		3F078C7F24C64019000B9424 /* LaunchScreen.storyboard */ = {
			isa = PBXVariantGroup;
			children = (
				3F078C8024C64019000B9424 /* Base */,
			);
			name = LaunchScreen.storyboard;
			sourceTree = "<group>";
		};
/* End PBXVariantGroup section */

/* Begin XCBuildConfiguration section */
		3F078C8324C64019000B9424 /* Debug */ = {
			isa = XCBuildConfiguration;
			buildSettings = {
				ALWAYS_SEARCH_USER_PATHS = NO;
				CLANG_ANALYZER_NONNULL = YES;
				CLANG_ANALYZER_NUMBER_OBJECT_CONVERSION = YES_AGGRESSIVE;
				CLANG_CXX_LANGUAGE_STANDARD = "gnu++14";
				CLANG_CXX_LIBRARY = "libc++";
				CLANG_ENABLE_MODULES = YES;
				CLANG_ENABLE_OBJC_ARC = YES;
				CLANG_ENABLE_OBJC_WEAK = YES;
				CLANG_WARN_BLOCK_CAPTURE_AUTORELEASING = YES;
				CLANG_WARN_BOOL_CONVERSION = YES;
				CLANG_WARN_COMMA = YES;
				CLANG_WARN_CONSTANT_CONVERSION = YES;
				CLANG_WARN_DEPRECATED_OBJC_IMPLEMENTATIONS = YES;
				CLANG_WARN_DIRECT_OBJC_ISA_USAGE = YES_ERROR;
				CLANG_WARN_DOCUMENTATION_COMMENTS = YES;
				CLANG_WARN_EMPTY_BODY = YES;
				CLANG_WARN_ENUM_CONVERSION = YES;
				CLANG_WARN_INFINITE_RECURSION = YES;
				CLANG_WARN_INT_CONVERSION = YES;
				CLANG_WARN_NON_LITERAL_NULL_CONVERSION = YES;
				CLANG_WARN_OBJC_IMPLICIT_RETAIN_SELF = YES;
				CLANG_WARN_OBJC_LITERAL_CONVERSION = YES;
				CLANG_WARN_OBJC_ROOT_CLASS = YES_ERROR;
				CLANG_WARN_RANGE_LOOP_ANALYSIS = YES;
				CLANG_WARN_STRICT_PROTOTYPES = YES;
				CLANG_WARN_SUSPICIOUS_MOVE = YES;
				CLANG_WARN_UNGUARDED_AVAILABILITY = YES_AGGRESSIVE;
				CLANG_WARN_UNREACHABLE_CODE = YES;
				CLANG_WARN__DUPLICATE_METHOD_MATCH = YES;
				COPY_PHASE_STRIP = NO;
				DEBUG_INFORMATION_FORMAT = dwarf;
				ENABLE_STRICT_OBJC_MSGSEND = YES;
				ENABLE_TESTABILITY = YES;
				GCC_C_LANGUAGE_STANDARD = gnu11;
				GCC_DYNAMIC_NO_PIC = NO;
				GCC_NO_COMMON_BLOCKS = YES;
				GCC_OPTIMIZATION_LEVEL = 0;
				GCC_PREPROCESSOR_DEFINITIONS = (
					"DEBUG=1",
					"$(inherited)",
				);
				GCC_WARN_64_TO_32_BIT_CONVERSION = YES;
				GCC_WARN_ABOUT_RETURN_TYPE = YES_ERROR;
				GCC_WARN_UNDECLARED_SELECTOR = YES;
				GCC_WARN_UNINITIALIZED_AUTOS = YES_AGGRESSIVE;
				GCC_WARN_UNUSED_FUNCTION = YES;
				GCC_WARN_UNUSED_VARIABLE = YES;
				IPHONEOS_DEPLOYMENT_TARGET = 13.6;
				MTL_ENABLE_DEBUG_INFO = INCLUDE_SOURCE;
				MTL_FAST_MATH = YES;
				ONLY_ACTIVE_ARCH = YES;
				SDKROOT = iphoneos;
				SWIFT_ACTIVE_COMPILATION_CONDITIONS = DEBUG;
				SWIFT_OPTIMIZATION_LEVEL = "-Onone";
			};
			name = Debug;
		};
		3F078C8424C64019000B9424 /* Release */ = {
			isa = XCBuildConfiguration;
			buildSettings = {
				ALWAYS_SEARCH_USER_PATHS = NO;
				CLANG_ANALYZER_NONNULL = YES;
				CLANG_ANALYZER_NUMBER_OBJECT_CONVERSION = YES_AGGRESSIVE;
				CLANG_CXX_LANGUAGE_STANDARD = "gnu++14";
				CLANG_CXX_LIBRARY = "libc++";
				CLANG_ENABLE_MODULES = YES;
				CLANG_ENABLE_OBJC_ARC = YES;
				CLANG_ENABLE_OBJC_WEAK = YES;
				CLANG_WARN_BLOCK_CAPTURE_AUTORELEASING = YES;
				CLANG_WARN_BOOL_CONVERSION = YES;
				CLANG_WARN_COMMA = YES;
				CLANG_WARN_CONSTANT_CONVERSION = YES;
				CLANG_WARN_DEPRECATED_OBJC_IMPLEMENTATIONS = YES;
				CLANG_WARN_DIRECT_OBJC_ISA_USAGE = YES_ERROR;
				CLANG_WARN_DOCUMENTATION_COMMENTS = YES;
				CLANG_WARN_EMPTY_BODY = YES;
				CLANG_WARN_ENUM_CONVERSION = YES;
				CLANG_WARN_INFINITE_RECURSION = YES;
				CLANG_WARN_INT_CONVERSION = YES;
				CLANG_WARN_NON_LITERAL_NULL_CONVERSION = YES;
				CLANG_WARN_OBJC_IMPLICIT_RETAIN_SELF = YES;
				CLANG_WARN_OBJC_LITERAL_CONVERSION = YES;
				CLANG_WARN_OBJC_ROOT_CLASS = YES_ERROR;
				CLANG_WARN_RANGE_LOOP_ANALYSIS = YES;
				CLANG_WARN_STRICT_PROTOTYPES = YES;
				CLANG_WARN_SUSPICIOUS_MOVE = YES;
				CLANG_WARN_UNGUARDED_AVAILABILITY = YES_AGGRESSIVE;
				CLANG_WARN_UNREACHABLE_CODE = YES;
				CLANG_WARN__DUPLICATE_METHOD_MATCH = YES;
				COPY_PHASE_STRIP = NO;
				DEBUG_INFORMATION_FORMAT = "dwarf-with-dsym";
				ENABLE_NS_ASSERTIONS = NO;
				ENABLE_STRICT_OBJC_MSGSEND = YES;
				GCC_C_LANGUAGE_STANDARD = gnu11;
				GCC_NO_COMMON_BLOCKS = YES;
				GCC_WARN_64_TO_32_BIT_CONVERSION = YES;
				GCC_WARN_ABOUT_RETURN_TYPE = YES_ERROR;
				GCC_WARN_UNDECLARED_SELECTOR = YES;
				GCC_WARN_UNINITIALIZED_AUTOS = YES_AGGRESSIVE;
				GCC_WARN_UNUSED_FUNCTION = YES;
				GCC_WARN_UNUSED_VARIABLE = YES;
				IPHONEOS_DEPLOYMENT_TARGET = 13.6;
				MTL_ENABLE_DEBUG_INFO = NO;
				MTL_FAST_MATH = YES;
				SDKROOT = iphoneos;
				SWIFT_COMPILATION_MODE = wholemodule;
				SWIFT_OPTIMIZATION_LEVEL = "-O";
				VALIDATE_PRODUCT = YES;
			};
			name = Release;
		};
		3F078C8624C64019000B9424 /* Debug */ = {
			isa = XCBuildConfiguration;
			buildSettings = {
				ASSETCATALOG_COMPILER_APPICON_NAME = AppIcon;
				CODE_SIGN_STYLE = Automatic;
				DEVELOPMENT_TEAM = E23SU6LX5E;
				INFOPLIST_FILE = DevNotes/Info.plist;
				LD_RUNPATH_SEARCH_PATHS = (
					"$(inherited)",
					"@executable_path/Frameworks",
				);
				PRODUCT_BUNDLE_IDENTIFIER = com.kenanigans.DevNotes;
				PRODUCT_NAME = "$(TARGET_NAME)";
				SWIFT_VERSION = 5.0;
				TARGETED_DEVICE_FAMILY = "1,2";
			};
			name = Debug;
		};
		3F078C8724C64019000B9424 /* Release */ = {
			isa = XCBuildConfiguration;
			buildSettings = {
				ASSETCATALOG_COMPILER_APPICON_NAME = AppIcon;
				CODE_SIGN_STYLE = Automatic;
				DEVELOPMENT_TEAM = E23SU6LX5E;
				INFOPLIST_FILE = DevNotes/Info.plist;
				LD_RUNPATH_SEARCH_PATHS = (
					"$(inherited)",
					"@executable_path/Frameworks",
				);
				PRODUCT_BUNDLE_IDENTIFIER = com.kenanigans.DevNotes;
				PRODUCT_NAME = "$(TARGET_NAME)";
				SWIFT_VERSION = 5.0;
				TARGETED_DEVICE_FAMILY = "1,2";
			};
			name = Release;
		};
/* End XCBuildConfiguration section */

/* Begin XCConfigurationList section */
		3F078C6C24C64017000B9424 /* Build configuration list for PBXProject "DevNotes" */ = {
			isa = XCConfigurationList;
			buildConfigurations = (
				3F078C8324C64019000B9424 /* Debug */,
				3F078C8424C64019000B9424 /* Release */,
			);
			defaultConfigurationIsVisible = 0;
			defaultConfigurationName = Release;
		};
		3F078C8524C64019000B9424 /* Build configuration list for PBXNativeTarget "DevNotes" */ = {
			isa = XCConfigurationList;
			buildConfigurations = (
				3F078C8624C64019000B9424 /* Debug */,
				3F078C8724C64019000B9424 /* Release */,
			);
			defaultConfigurationIsVisible = 0;
			defaultConfigurationName = Release;
		};
/* End XCConfigurationList section */
	};
	rootObject = 3F078C6924C64017000B9424 /* Project object */;
}
